// !$*UTF8*$!
{
	archiveVersion = 1;
	classes = {
	};
	objectVersion = 46;
	objects = {

/* Begin PBXBuildFile section */
		6208606C1AEE9E5600853C3B /* main.m in Sources */ = {isa = PBXBuildFile; fileRef = 6208606B1AEE9E5600853C3B /* main.m */; };
		6208606F1AEE9E5600853C3B /* AppDelegate.m in Sources */ = {isa = PBXBuildFile; fileRef = 6208606E1AEE9E5600853C3B /* AppDelegate.m */; };
		620860721AEE9E5600853C3B /* ViewController.m in Sources */ = {isa = PBXBuildFile; fileRef = 620860711AEE9E5600853C3B /* ViewController.m */; };
		620860751AEE9E5600853C3B /* Main.storyboard in Resources */ = {isa = PBXBuildFile; fileRef = 620860731AEE9E5600853C3B /* Main.storyboard */; };
		620860771AEE9E5600853C3B /* Images.xcassets in Resources */ = {isa = PBXBuildFile; fileRef = 620860761AEE9E5600853C3B /* Images.xcassets */; };
		6208607A1AEE9E5600853C3B /* LaunchScreen.xib in Resources */ = {isa = PBXBuildFile; fileRef = 620860781AEE9E5600853C3B /* LaunchScreen.xib */; };
		620860861AEE9E5600853C3B /* PageCurlAnimationExampleTests.m in Sources */ = {isa = PBXBuildFile; fileRef = 620860851AEE9E5600853C3B /* PageCurlAnimationExampleTests.m */; };
/* End PBXBuildFile section */

/* Begin PBXContainerItemProxy section */
		620860801AEE9E5600853C3B /* PBXContainerItemProxy */ = {
			isa = PBXContainerItemProxy;
			containerPortal = 6208605E1AEE9E5600853C3B /* Project object */;
			proxyType = 1;
			remoteGlobalIDString = 620860651AEE9E5600853C3B;
			remoteInfo = PageCurlAnimationExample;
		};
/* End PBXContainerItemProxy section */

/* Begin PBXFileReference section */
		620860661AEE9E5600853C3B /* PageCurlAnimationExample.app */ = {isa = PBXFileReference; explicitFileType = wrapper.application; includeInIndex = 0; path = PageCurlAnimationExample.app; sourceTree = BUILT_PRODUCTS_DIR; };
		6208606A1AEE9E5600853C3B /* Info.plist */ = {isa = PBXFileReference; lastKnownFileType = text.plist.xml; path = Info.plist; sourceTree = "<group>"; };
		6208606B1AEE9E5600853C3B /* main.m */ = {isa = PBXFileReference; lastKnownFileType = sourcecode.c.objc; path = main.m; sourceTree = "<group>"; };
		6208606D1AEE9E5600853C3B /* AppDelegate.h */ = {isa = PBXFileReference; lastKnownFileType = sourcecode.c.h; path = AppDelegate.h; sourceTree = "<group>"; };
		6208606E1AEE9E5600853C3B /* AppDelegate.m */ = {isa = PBXFileReference; lastKnownFileType = sourcecode.c.objc; path = AppDelegate.m; sourceTree = "<group>"; };
		620860701AEE9E5600853C3B /* ViewController.h */ = {isa = PBXFileReference; lastKnownFileType = sourcecode.c.h; path = ViewController.h; sourceTree = "<group>"; };
		620860711AEE9E5600853C3B /* ViewController.m */ = {isa = PBXFileReference; lastKnownFileType = sourcecode.c.objc; path = ViewController.m; sourceTree = "<group>"; };
		620860741AEE9E5600853C3B /* Base */ = {isa = PBXFileReference; lastKnownFileType = file.storyboard; name = Base; path = Base.lproj/Main.storyboard; sourceTree = "<group>"; };
		620860761AEE9E5600853C3B /* Images.xcassets */ = {isa = PBXFileReference; lastKnownFileType = folder.assetcatalog; path = Images.xcassets; sourceTree = "<group>"; };
		620860791AEE9E5600853C3B /* Base */ = {isa = PBXFileReference; lastKnownFileType = file.xib; name = Base; path = Base.lproj/LaunchScreen.xib; sourceTree = "<group>"; };
		6208607F1AEE9E5600853C3B /* PageCurlAnimationExampleTests.xctest */ = {isa = PBXFileReference; explicitFileType = wrapper.cfbundle; includeInIndex = 0; path = PageCurlAnimationExampleTests.xctest; sourceTree = BUILT_PRODUCTS_DIR; };
		620860841AEE9E5600853C3B /* Info.plist */ = {isa = PBXFileReference; lastKnownFileType = text.plist.xml; path = Info.plist; sourceTree = "<group>"; };
		620860851AEE9E5600853C3B /* PageCurlAnimationExampleTests.m */ = {isa = PBXFileReference; lastKnownFileType = sourcecode.c.objc; path = PageCurlAnimationExampleTests.m; sourceTree = "<group>"; };
/* End PBXFileReference section */

/* Begin PBXFrameworksBuildPhase section */
		620860631AEE9E5600853C3B /* Frameworks */ = {
			isa = PBXFrameworksBuildPhase;
			buildActionMask = 2147483647;
			files = (
			);
			runOnlyForDeploymentPostprocessing = 0;
		};
		6208607C1AEE9E5600853C3B /* Frameworks */ = {
			isa = PBXFrameworksBuildPhase;
			buildActionMask = 2147483647;
			files = (
			);
			runOnlyForDeploymentPostprocessing = 0;
		};
/* End PBXFrameworksBuildPhase section */

/* Begin PBXGroup section */
		6208605D1AEE9E5600853C3B = {
			isa = PBXGroup;
			children = (
				620860681AEE9E5600853C3B /* PageCurlAnimationExample */,
				620860821AEE9E5600853C3B /* PageCurlAnimationExampleTests */,
				620860671AEE9E5600853C3B /* Products */,
			);
			sourceTree = "<group>";
		};
		620860671AEE9E5600853C3B /* Products */ = {
			isa = PBXGroup;
			children = (
				620860661AEE9E5600853C3B /* PageCurlAnimationExample.app */,
				6208607F1AEE9E5600853C3B /* PageCurlAnimationExampleTests.xctest */,
			);
			name = Products;
			sourceTree = "<group>";
		};
		620860681AEE9E5600853C3B /* PageCurlAnimationExample */ = {
			isa = PBXGroup;
			children = (
				6208606D1AEE9E5600853C3B /* AppDelegate.h */,
				6208606E1AEE9E5600853C3B /* AppDelegate.m */,
				620860701AEE9E5600853C3B /* ViewController.h */,
				620860711AEE9E5600853C3B /* ViewController.m */,
				620860731AEE9E5600853C3B /* Main.storyboard */,
				620860761AEE9E5600853C3B /* Images.xcassets */,
				620860781AEE9E5600853C3B /* LaunchScreen.xib */,
				620860691AEE9E5600853C3B /* Supporting Files */,
			);
			path = PageCurlAnimationExample;
			sourceTree = "<group>";
		};
		620860691AEE9E5600853C3B /* Supporting Files */ = {
			isa = PBXGroup;
			children = (
				6208606A1AEE9E5600853C3B /* Info.plist */,
				6208606B1AEE9E5600853C3B /* main.m */,
			);
			name = "Supporting Files";
			sourceTree = "<group>";
		};
		620860821AEE9E5600853C3B /* PageCurlAnimationExampleTests */ = {
			isa = PBXGroup;
			children = (
				620860851AEE9E5600853C3B /* PageCurlAnimationExampleTests.m */,
				620860831AEE9E5600853C3B /* Supporting Files */,
			);
			path = PageCurlAnimationExampleTests;
			sourceTree = "<group>";
		};
		620860831AEE9E5600853C3B /* Supporting Files */ = {
			isa = PBXGroup;
			children = (
				620860841AEE9E5600853C3B /* Info.plist */,
			);
			name = "Supporting Files";
			sourceTree = "<group>";
		};
/* End PBXGroup section */

/* Begin PBXNativeTarget section */
		620860651AEE9E5600853C3B /* PageCurlAnimationExample */ = {
			isa = PBXNativeTarget;
			buildConfigurationList = 620860891AEE9E5600853C3B /* Build configuration list for PBXNativeTarget "PageCurlAnimationExample" */;
			buildPhases = (
				620860621AEE9E5600853C3B /* Sources */,
				620860631AEE9E5600853C3B /* Frameworks */,
				620860641AEE9E5600853C3B /* Resources */,
			);
			buildRules = (
			);
			dependencies = (
			);
			name = PageCurlAnimationExample;
			productName = PageCurlAnimationExample;
			productReference = 620860661AEE9E5600853C3B /* PageCurlAnimationExample.app */;
			productType = "com.apple.product-type.application";
		};
		6208607E1AEE9E5600853C3B /* PageCurlAnimationExampleTests */ = {
			isa = PBXNativeTarget;
			buildConfigurationList = 6208608C1AEE9E5600853C3B /* Build configuration list for PBXNativeTarget "PageCurlAnimationExampleTests" */;
			buildPhases = (
				6208607B1AEE9E5600853C3B /* Sources */,
				6208607C1AEE9E5600853C3B /* Frameworks */,
				6208607D1AEE9E5600853C3B /* Resources */,
			);
			buildRules = (
			);
			dependencies = (
				620860811AEE9E5600853C3B /* PBXTargetDependency */,
			);
			name = PageCurlAnimationExampleTests;
			productName = PageCurlAnimationExampleTests;
			productReference = 6208607F1AEE9E5600853C3B /* PageCurlAnimationExampleTests.xctest */;
			productType = "com.apple.product-type.bundle.unit-test";
		};
/* End PBXNativeTarget section */

/* Begin PBXProject section */
		6208605E1AEE9E5600853C3B /* Project object */ = {
			isa = PBXProject;
			attributes = {
				LastUpgradeCheck = 0610;
				ORGANIZATIONNAME = "Maitrayee Ghosh";
				TargetAttributes = {
					620860651AEE9E5600853C3B = {
						CreatedOnToolsVersion = 6.1.1;
					};
					6208607E1AEE9E5600853C3B = {
						CreatedOnToolsVersion = 6.1.1;
						TestTargetID = 620860651AEE9E5600853C3B;
					};
				};
			};
			buildConfigurationList = 620860611AEE9E5600853C3B /* Build configuration list for PBXProject "PageCurlAnimationExample" */;
			compatibilityVersion = "Xcode 3.2";
			developmentRegion = English;
			hasScannedForEncodings = 0;
			knownRegions = (
				en,
				Base,
			);
			mainGroup = 6208605D1AEE9E5600853C3B;
			productRefGroup = 620860671AEE9E5600853C3B /* Products */;
			projectDirPath = "";
			projectRoot = "";
			targets = (
				620860651AEE9E5600853C3B /* PageCurlAnimationExample */,
				6208607E1AEE9E5600853C3B /* PageCurlAnimationExampleTests */,
			);
		};
/* End PBXProject section */

/* Begin PBXResourcesBuildPhase section */
		620860641AEE9E5600853C3B /* Resources */ = {
			isa = PBXResourcesBuildPhase;
			buildActionMask = 2147483647;
			files = (
				620860751AEE9E5600853C3B /* Main.storyboard in Resources */,
				6208607A1AEE9E5600853C3B /* LaunchScreen.xib in Resources */,
				620860771AEE9E5600853C3B /* Images.xcassets in Resources */,
			);
			runOnlyForDeploymentPostprocessing = 0;
		};
		6208607D1AEE9E5600853C3B /* Resources */ = {
			isa = PBXResourcesBuildPhase;
			buildActionMask = 2147483647;
			files = (
			);
			runOnlyForDeploymentPostprocessing = 0;
		};
/* End PBXResourcesBuildPhase section */

/* Begin PBXSourcesBuildPhase section */
		620860621AEE9E5600853C3B /* Sources */ = {
			isa = PBXSourcesBuildPhase;
			buildActionMask = 2147483647;
			files = (
				620860721AEE9E5600853C3B /* ViewController.m in Sources */,
				6208606F1AEE9E5600853C3B /* AppDelegate.m in Sources */,
				6208606C1AEE9E5600853C3B /* main.m in Sources */,
			);
			runOnlyForDeploymentPostprocessing = 0;
		};
		6208607B1AEE9E5600853C3B /* Sources */ = {
			isa = PBXSourcesBuildPhase;
			buildActionMask = 2147483647;
			files = (
				620860861AEE9E5600853C3B /* PageCurlAnimationExampleTests.m in Sources */,
			);
			runOnlyForDeploymentPostprocessing = 0;
		};
/* End PBXSourcesBuildPhase section */

/* Begin PBXTargetDependency section */
		620860811AEE9E5600853C3B /* PBXTargetDependency */ = {
			isa = PBXTargetDependency;
			target = 620860651AEE9E5600853C3B /* PageCurlAnimationExample */;
			targetProxy = 620860801AEE9E5600853C3B /* PBXContainerItemProxy */;
		};
/* End PBXTargetDependency section */

/* Begin PBXVariantGroup section */
		620860731AEE9E5600853C3B /* Main.storyboard */ = {
			isa = PBXVariantGroup;
			children = (
				620860741AEE9E5600853C3B /* Base */,
			);
			name = Main.storyboard;
			sourceTree = "<group>";
		};
		620860781AEE9E5600853C3B /* LaunchScreen.xib */ = {
			isa = PBXVariantGroup;
			children = (
				620860791AEE9E5600853C3B /* Base */,
			);
			name = LaunchScreen.xib;
			sourceTree = "<group>";
		};
/* End PBXVariantGroup section */

/* Begin XCBuildConfiguration section */
		620860871AEE9E5600853C3B /* Debug */ = {
			isa = XCBuildConfiguration;
			buildSettings = {
				ALWAYS_SEARCH_USER_PATHS = NO;
				CLANG_CXX_LANGUAGE_STANDARD = "gnu++0x";
				CLANG_CXX_LIBRARY = "libc++";
				CLANG_ENABLE_MODULES = YES;
				CLANG_ENABLE_OBJC_ARC = YES;
				CLANG_WARN_BOOL_CONVERSION = YES;
				CLANG_WARN_CONSTANT_CONVERSION = YES;
				CLANG_WARN_DIRECT_OBJC_ISA_USAGE = YES_ERROR;
				CLANG_WARN_EMPTY_BODY = YES;
				CLANG_WARN_ENUM_CONVERSION = YES;
				CLANG_WARN_INT_CONVERSION = YES;
				CLANG_WARN_OBJC_ROOT_CLASS = YES_ERROR;
				CLANG_WARN_UNREACHABLE_CODE = YES;
				CLANG_WARN__DUPLICATE_METHOD_MATCH = YES;
				"CODE_SIGN_IDENTITY[sdk=iphoneos*]" = "iPhone Developer";
				COPY_PHASE_STRIP = NO;
				ENABLE_STRICT_OBJC_MSGSEND = YES;
				GCC_C_LANGUAGE_STANDARD = gnu99;
				GCC_DYNAMIC_NO_PIC = NO;
				GCC_OPTIMIZATION_LEVEL = 0;
				GCC_PREPROCESSOR_DEFINITIONS = (
					"DEBUG=1",
					"$(inherited)",
				);
				GCC_SYMBOLS_PRIVATE_EXTERN = NO;
				GCC_WARN_64_TO_32_BIT_CONVERSION = YES;
				GCC_WARN_ABOUT_RETURN_TYPE = YES_ERROR;
				GCC_WARN_UNDECLARED_SELECTOR = YES;
				GCC_WARN_UNINITIALIZED_AUTOS = YES_AGGRESSIVE;
				GCC_WARN_UNUSED_FUNCTION = YES;
				GCC_WARN_UNUSED_VARIABLE = YES;
				IPHONEOS_DEPLOYMENT_TARGET = 8.1;
				MTL_ENABLE_DEBUG_INFO = YES;
				ONLY_ACTIVE_ARCH = YES;
				SDKROOT = iphoneos;
			};
			name = Debug;
		};
		620860881AEE9E5600853C3B /* Release */ = {
			isa = XCBuildConfiguration;
			buildSettings = {
				ALWAYS_SEARCH_USER_PATHS = NO;
				CLANG_CXX_LANGUAGE_STANDARD = "gnu++0x";
				CLANG_CXX_LIBRARY = "libc++";
				CLANG_ENABLE_MODULES = YES;
				CLANG_ENABLE_OBJC_ARC = YES;
				CLANG_WARN_BOOL_CONVERSION = YES;
				CLANG_WARN_CONSTANT_CONVERSION = YES;
				CLANG_WARN_DIRECT_OBJC_ISA_USAGE = YES_ERROR;
				CLANG_WARN_EMPTY_BODY = YES;
				CLANG_WARN_ENUM_CONVERSION = YES;
				CLANG_WARN_INT_CONVERSION = YES;
				CLANG_WARN_OBJC_ROOT_CLASS = YES_ERROR;
				CLANG_WARN_UNREACHABLE_CODE = YES;
				CLANG_WARN__DUPLICATE_METHOD_MATCH = YES;
				"CODE_SIGN_IDENTITY[sdk=iphoneos*]" = "iPhone Developer";
				COPY_PHASE_STRIP = YES;
				ENABLE_NS_ASSERTIONS = NO;
				ENABLE_STRICT_OBJC_MSGSEND = YES;
				GCC_C_LANGUAGE_STANDARD = gnu99;
				GCC_WARN_64_TO_32_BIT_CONVERSION = YES;
				GCC_WARN_ABOUT_RETURN_TYPE = YES_ERROR;
				GCC_WARN_UNDECLARED_SELECTOR = YES;
				GCC_WARN_UNINITIALIZED_AUTOS = YES_AGGRESSIVE;
				GCC_WARN_UNUSED_FUNCTION = YES;
				GCC_WARN_UNUSED_VARIABLE = YES;
				IPHONEOS_DEPLOYMENT_TARGET = 8.1;
				MTL_ENABLE_DEBUG_INFO = NO;
				SDKROOT = iphoneos;
				VALIDATE_PRODUCT = YES;
			};
			name = Release;
		};
		6208608A1AEE9E5600853C3B /* Debug */ = {
			isa = XCBuildConfiguration;
			buildSettings = {
				ASSETCATALOG_COMPILER_APPICON_NAME = AppIcon;
				INFOPLIST_FILE = PageCurlAnimationExample/Info.plist;
				IPHONEOS_DEPLOYMENT_TARGET = 7.0;
				LD_RUNPATH_SEARCH_PATHS = "$(inherited) @executable_path/Frameworks";
				PRODUCT_NAME = "$(TARGET_NAME)";
			};
			name = Debug;
		};
		6208608B1AEE9E5600853C3B /* Release */ = {
			isa = XCBuildConfiguration;
			buildSettings = {
				ASSETCATALOG_COMPILER_APPICON_NAME = AppIcon;
				INFOPLIST_FILE = PageCurlAnimationExample/Info.plist;
				IPHONEOS_DEPLOYMENT_TARGET = 7.0;
				LD_RUNPATH_SEARCH_PATHS = "$(inherited) @executable_path/Frameworks";
				PRODUCT_NAME = "$(TARGET_NAME)";
			};
			name = Release;
		};
		6208608D1AEE9E5600853C3B /* Debug */ = {
			isa = XCBuildConfiguration;
			buildSettings = {
				BUNDLE_LOADER = "$(TEST_HOST)";
				FRAMEWORK_SEARCH_PATHS = (
					"$(SDKROOT)/Developer/Library/Frameworks",
					"$(inherited)",
				);
				GCC_PREPROCESSOR_DEFINITIONS = (
					"DEBUG=1",
					"$(inherited)",
				);
				INFOPLIST_FILE = PageCurlAnimationExampleTests/Info.plist;
				LD_RUNPATH_SEARCH_PATHS = "$(inherited) @executable_path/Frameworks @loader_path/Frameworks";
				PRODUCT_NAME = "$(TARGET_NAME)";
				TEST_HOST = "$(BUILT_PRODUCTS_DIR)/PageCurlAnimationExample.app/PageCurlAnimationExample";
			};
			name = Debug;
		};
		6208608E1AEE9E5600853C3B /* Release */ = {
			isa = XCBuildConfiguration;
			buildSettings = {
				BUNDLE_LOADER = "$(TEST_HOST)";
				FRAMEWORK_SEARCH_PATHS = (
					"$(SDKROOT)/Developer/Library/Frameworks",
					"$(inherited)",
				);
				INFOPLIST_FILE = PageCurlAnimationExampleTests/Info.plist;
				LD_RUNPATH_SEARCH_PATHS = "$(inherited) @executable_path/Frameworks @loader_path/Frameworks";
				PRODUCT_NAME = "$(TARGET_NAME)";
				TEST_HOST = "$(BUILT_PRODUCTS_DIR)/PageCurlAnimationExample.app/PageCurlAnimationExample";
			};
			name = Release;
		};
/* End XCBuildConfiguration section */

/* Begin XCConfigurationList section */
		620860611AEE9E5600853C3B /* Build configuration list for PBXProject "PageCurlAnimationExample" */ = {
			isa = XCConfigurationList;
			buildConfigurations = (
				620860871AEE9E5600853C3B /* Debug */,
				620860881AEE9E5600853C3B /* Release */,
			);
			defaultConfigurationIsVisible = 0;
			defaultConfigurationName = Release;
		};
		620860891AEE9E5600853C3B /* Build configuration list for PBXNativeTarget "PageCurlAnimationExample" */ = {
			isa = XCConfigurationList;
			buildConfigurations = (
				6208608A1AEE9E5600853C3B /* Debug */,
				6208608B1AEE9E5600853C3B /* Release */,
			);
			defaultConfigurationIsVisible = 0;
			defaultConfigurationName = Release;
		};
		6208608C1AEE9E5600853C3B /* Build configuration list for PBXNativeTarget "PageCurlAnimationExampleTests" */ = {
			isa = XCConfigurationList;
			buildConfigurations = (
				6208608D1AEE9E5600853C3B /* Debug */,
				6208608E1AEE9E5600853C3B /* Release */,
			);
			defaultConfigurationIsVisible = 0;
			defaultConfigurationName = Release;
		};
/* End XCConfigurationList section */
	};
	rootObject = 6208605E1AEE9E5600853C3B /* Project object */;
}
